<?xml version="1.0" encoding="UTF-8" standalone="yes" ?>
<CodeBlocks_project_file>
	<FileVersion major="1" minor="6" />
	<Project>
		<Option title="coan-win" />
		<Option pch_mode="2" />
		<Option compiler="mingw32_compiler" />
		<Build>
			<Target title="Debug">
				<Option output="bin/Debug/coan.exe" prefix_auto="1" extension_auto="0" />
				<Option object_output="obj/Debug/" />
				<Option type="1" />
				<Option compiler="mingw32_compiler" />
				<Compiler>
					<Add option="-g" />
				</Compiler>
			</Target>
			<Target title="Release">
				<Option output="bin/Release/coan.exe" prefix_auto="1" extension_auto="0" />
				<Option object_output="obj/Release/" />
				<Option type="1" />
				<Option compiler="mingw32_compiler" />
				<Compiler>
					<Add option="-O2" />
				</Compiler>
				<Linker>
					<Add option="-s" />
				</Linker>
			</Target>
			<Target title="wordsize">
				<Option output="coan-4" prefix_auto="1" extension_auto="1" />
				<Option type="0" />
				<Option compiler="mingw32_compiler" />
			</Target>
		</Build>
		<Compiler>
			<Add option="-Wall" />
		</Compiler>
		<Unit filename="../../../src/args.cpp">
			<Option target="Debug" />
			<Option target="Release" />
		</Unit>
		<Unit filename="../../../src/args.h">
			<Option target="Debug" />
			<Option target="Release" />
		</Unit>
		<Unit filename="../../../src/canonical_string.cpp">
			<Option target="Debug" />
			<Option target="Release" />
		</Unit>
		<Unit filename="../../../src/canonical_string.h">
			<Option target="Debug" />
			<Option target="Release" />
		</Unit>
		<Unit filename="../../../src/chew.cpp">
			<Option target="Debug" />
			<Option target="Release" />
		</Unit>
		<Unit filename="../../../src/chew.h">
			<Option target="Debug" />
			<Option target="Release" />
		</Unit>
		<Unit filename="../../../src/configured_symbols.cpp">
			<Option target="Debug" />
			<Option target="Release" />
		</Unit>
		<Unit filename="../../../src/configured_symbols.h">
			<Option target="Debug" />
			<Option target="Release" />
		</Unit>
		<Unit filename="../../../src/contradiction.cpp">
			<Option target="Debug" />
			<Option target="Release" />
		</Unit>
		<Unit filename="../../../src/contradiction.h">
			<Option target="Debug" />
			<Option target="Release" />
		</Unit>
		<Unit filename="../../../src/dataset.cpp">
			<Option target="Debug" />
			<Option target="Release" />
		</Unit>
		<Unit filename="../../../src/dataset.h">
			<Option target="Debug" />
			<Option target="Release" />
		</Unit>
		<Unit filename="../../../src/directives_tracker.cpp">
			<Option target="Debug" />
			<Option target="Release" />
		</Unit>
		<Unit filename="../../../src/directives_tracker.h">
			<Option target="Debug" />
			<Option target="Release" />
		</Unit>
		<Unit filename="../../../src/doxygen.h">
			<Option target="Debug" />
			<Option target="Release" />
		</Unit>
		<Unit filename="../../../src/eval_result.cpp">
			<Option target="Debug" />
			<Option target="Release" />
		</Unit>
		<Unit filename="../../../src/eval_result.h">
			<Option target="Debug" />
			<Option target="Release" />
		</Unit>
		<Unit filename="../../../src/evaluate.cpp">
			<Option target="Debug" />
			<Option target="Release" />
		</Unit>
		<Unit filename="../../../src/evaluate.h">
			<Option target="Debug" />
			<Option target="Release" />
		</Unit>
		<Unit filename="../../../src/exception.cpp">
			<Option target="Debug" />
			<Option target="Release" />
		</Unit>
		<Unit filename="../../../src/exception.h">
			<Option target="Debug" />
			<Option target="Release" />
		</Unit>
		<Unit filename="../../../src/file_tree.cpp">
			<Option target="Debug" />
			<Option target="Release" />
		</Unit>
		<Unit filename="../../../src/file_tree.h">
			<Option target="Debug" />
			<Option target="Release" />
		</Unit>
		<Unit filename="../../../src/filesys.cpp">
			<Option target="Debug" />
			<Option target="Release" />
		</Unit>
		<Unit filename="../../../src/filesys.h">
			<Option target="Debug" />
			<Option target="Release" />
		</Unit>
		<Unit filename="../../../src/fs_nix.cpp">
			<Option target="Debug" />
			<Option target="Release" />
		</Unit>
		<Unit filename="../../../src/fs_win.cpp">
			<Option target="Debug" />
			<Option target="Release" />
		</Unit>
		<Unit filename="../../../src/get_options.cpp">
			<Option target="Debug" />
			<Option target="Release" />
		</Unit>
		<Unit filename="../../../src/get_options.h">
			<Option target="Debug" />
			<Option target="Release" />
		</Unit>
		<Unit filename="../../../src/hash_include.cpp">
			<Option target="Debug" />
			<Option target="Release" />
		</Unit>
		<Unit filename="../../../src/hash_include.h">
			<Option target="Debug" />
			<Option target="Release" />
		</Unit>
		<Unit filename="../../../src/if_control.cpp">
			<Option target="Debug" />
			<Option target="Release" />
		</Unit>
		<Unit filename="../../../src/if_control.h">
			<Option target="Debug" />
			<Option target="Release" />
		</Unit>
		<Unit filename="../../../src/includes_tracker.cpp">
			<Option target="Debug" />
			<Option target="Release" />
		</Unit>
		<Unit filename="../../../src/includes_tracker.h">
			<Option target="Debug" />
			<Option target="Release" />
		</Unit>
		<Unit filename="../../../src/integer_constant.cpp">
			<Option target="Debug" />
			<Option target="Release" />
		</Unit>
		<Unit filename="../../../src/integer_constant.h">
			<Option target="Debug" />
			<Option target="Release" />
		</Unit>
		<Unit filename="../../../src/integer_ops.cpp">
			<Option target="Debug" />
			<Option target="Release" />
		</Unit>
		<Unit filename="../../../src/integer_ops.h">
			<Option target="Debug" />
			<Option target="Release" />
		</Unit>
		<Unit filename="../../../src/io.cpp">
			<Option target="Debug" />
			<Option target="Release" />
		</Unit>
		<Unit filename="../../../src/io.h">
			<Option target="Debug" />
			<Option target="Release" />
		</Unit>
		<Unit filename="../../../src/lexicon.cpp">
			<Option target="Debug" />
			<Option target="Release" />
		</Unit>
		<Unit filename="../../../src/lexicon.h">
			<Option target="Debug" />
			<Option target="Release" />
		</Unit>
		<Unit filename="../../../src/line_despatch.cpp">
			<Option target="Debug" />
			<Option target="Release" />
		</Unit>
		<Unit filename="../../../src/line_despatch.h">
			<Option target="Debug" />
			<Option target="Release" />
		</Unit>
		<Unit filename="../../../src/line_edit.cpp">
			<Option target="Debug" />
			<Option target="Release" />
		</Unit>
		<Unit filename="../../../src/line_edit.h">
			<Option target="Debug" />
			<Option target="Release" />
		</Unit>
		<Unit filename="../../../src/line_select.cpp">
			<Option target="Debug" />
			<Option target="Release" />
		</Unit>
		<Unit filename="../../../src/line_select.h">
			<Option target="Debug" />
			<Option target="Release" />
		</Unit>
		<Unit filename="../../../src/main.cpp">
			<Option target="Debug" />
			<Option target="Release" />
		</Unit>
		<Unit filename="../../../src/memory.cpp">
			<Option target="Debug" />
			<Option target="Release" />
		</Unit>
		<Unit filename="../../../src/memory.h">
			<Option target="Debug" />
			<Option target="Release" />
		</Unit>
		<Unit filename="../../../src/module.h">
			<Option target="Debug" />
			<Option target="Release" />
		</Unit>
		<Unit filename="../../../src/opts.h">
			<Option target="Debug" />
			<Option target="Release" />
		</Unit>
		<Unit filename="../../../src/platform.h">
			<Option target="Debug" />
			<Option target="Release" />
		</Unit>
		<Unit filename="../../../src/ptr_set.cpp">
			<Option target="Debug" />
			<Option target="Release" />
		</Unit>
		<Unit filename="../../../src/ptr_set.h">
			<Option target="Debug" />
			<Option target="Release" />
		</Unit>
		<Unit filename="../../../src/ptr_vector.cpp">
			<Option target="Debug" />
			<Option target="Release" />
		</Unit>
		<Unit filename="../../../src/ptr_vector.h">
			<Option target="Debug" />
			<Option target="Release" />
		</Unit>
		<Unit filename="../../../src/report.cpp">
			<Option target="Debug" />
			<Option target="Release" />
		</Unit>
		<Unit filename="../../../src/report.h">
			<Option target="Debug" />
			<Option target="Release" />
		</Unit>
		<Unit filename="../../../src/swiss_army.h">
			<Option target="Debug" />
			<Option target="Release" />
		</Unit>
		<Unit filename="../../../src/symbol.cpp">
			<Option target="Debug" />
			<Option target="Release" />
		</Unit>
		<Unit filename="../../../src/symbol.h">
			<Option target="Debug" />
			<Option target="Release" />
		</Unit>
		<Unit filename="../../../src/unconfigured_symbols.cpp">
			<Option target="Debug" />
			<Option target="Release" />
		</Unit>
		<Unit filename="../../../src/unconfigured_symbols.h">
			<Option target="Debug" />
			<Option target="Release" />
		</Unit>
		<Extensions>
			<envvars />
			<code_completion />
			<lib_finder disable_auto="1" />
			<debugger />
		</Extensions>
	</Project>
</CodeBlocks_project_file>
